
Microsoft Visual Studio Solution File, Format Version 12.00
# Visual Studio Version 17
VisualStudioVersion = 17.4.33213.308
MinimumVisualStudioVersion = 10.0.40219.1
Project("{9A19103F-16F7-4668-BE54-9A1E7A4F7556}") = "WebApi", "WebApi.csproj", "{DC58B5DB-037C-489D-AB6E-77D742CDBE23}"
EndProject
Global
	GlobalSection(SolutionConfigurationPlatforms) = preSolution
		Debug|Any CPU = Debug|Any CPU
		Release|Any CPU = Release|Any CPU
	EndGlobalSection
	GlobalSection(ProjectConfigurationPlatforms) = postSolution
		{DC58B5DB-037C-489D-AB6E-77D742CDBE23}.Debug|Any CPU.ActiveCfg = Debug|Any CPU
		{DC58B5DB-037C-489D-AB6E-77D742CDBE23}.Debug|Any CPU.Build.0 = Debug|Any CPU
		{DC58B5DB-037C-489D-AB6E-77D742CDBE23}.Release|Any CPU.ActiveCfg = Release|Any CPU
		{DC58B5DB-037C-489D-AB6E-77D742CDBE23}.Release|Any CPU.Build.0 = Release|Any CPU
	EndGlobalSection
	GlobalSection(SolutionProperties) = preSolution
		HideSolutionNode = FALSE
	EndGlobalSection
	GlobalSection(ExtensibilityGlobals) = postSolution
		SolutionGuid = {79FC75C9-23BE-4A10-BCD1-1BA21595C7E5}
	EndGlobalSection
EndGlobal
